<?xml version="1.0" encoding="utf-8"?>
<Project ToolsVersion="4.0" xmlns="http://schemas.microsoft.com/developer/msbuild/2003">
  <ItemGroup>
    <Filter Include="Source Files">
      <UniqueIdentifier>{4FC737F1-C7A5-4376-A066-2A32D752A2FF}</UniqueIdentifier>
      <Extensions>cpp;c;cc;cxx;def;odl;idl;hpj;bat;asm;asmx</Extensions>
    </Filter>
    <Filter Include="Header Files">
      <UniqueIdentifier>{93995380-89BD-4b04-88EB-625FBE52EBFB}</UniqueIdentifier>
      <Extensions>h;hh;hpp;hxx;hm;inl;inc;ipp;xsd</Extensions>
    </Filter>
    <Filter Include="Resource Files">
      <UniqueIdentifier>{67DA6AB6-F800-4c08-8B7A-83BB121AAD01}</UniqueIdentifier>
      <Extensions>rc;ico;cur;bmp;dlg;rc2;rct;bin;rgs;gif;jpg;jpeg;jpe;resx;tiff;tif;png;wav;mfcribbon-ms</Extensions>
    </Filter>
    <Filter Include="Resource Files\Shaders">
      <UniqueIdentifier>{0f7b815e-14ed-4c66-8562-432cae1ad37f}</UniqueIdentifier>
    </Filter>
    <Filter Include="Header Files\Math">
      <UniqueIdentifier>{70af37af-54fd-4a42-873e-a9d0b693da5a}</UniqueIdentifier>
    </Filter>
    <Filter Include="Resource Files\Shaders\headers">
      <UniqueIdentifier>{e76ba204-a47c-48da-a261-427e8f420524}</UniqueIdentifier>
    </Filter>
    <Filter Include="Header Files\apps">
      <UniqueIdentifier>{950170f3-76ad-4159-989e-f09f02a86be1}</UniqueIdentifier>
    </Filter>
    <Filter Include="Resource Files\Shaders\compute">
      <UniqueIdentifier>{b54417a9-b145-45c4-af39-05f7b52fa5a6}</UniqueIdentifier>
    </Filter>
    <Filter Include="Resource Files\Shaders\graphics">
      <UniqueIdentifier>{4efcf464-1275-459d-b0cf-8387946d71ee}</UniqueIdentifier>
    </Filter>
    <Filter Include="Resource Files\Shaders\compute\implicit">
      <UniqueIdentifier>{eb996653-418c-4163-ab42-5f4cf227edbd}</UniqueIdentifier>
    </Filter>
    <Filter Include="Header Files\Utility">
      <UniqueIdentifier>{6c17ce70-a68e-4b63-97bb-f908bb2604ff}</UniqueIdentifier>
    </Filter>
    <Filter Include="Header Files\Utility\include">
      <UniqueIdentifier>{9de4dc28-9618-4ec2-bb34-3b60eb0e668b}</UniqueIdentifier>
    </Filter>
    <Filter Include="Header Files\Utility\src">
      <UniqueIdentifier>{d47f7dab-339c-4dbe-a3bb-47d8d2ed646e}</UniqueIdentifier>
    </Filter>
    <Filter Include="Header Files\apps\MPM">
      <UniqueIdentifier>{4d452e6f-e999-4a81-9d88-99c88ac9890b}</UniqueIdentifier>
    </Filter>
    <Filter Include="Source Files\MPM">
      <UniqueIdentifier>{6a3abc4d-cabb-4cc8-a4e9-e7236d2a548a}</UniqueIdentifier>
    </Filter>
    <Filter Include="Resource Files\glad">
      <UniqueIdentifier>{d7a52e17-9e90-405a-9522-6b9d30ea7c38}</UniqueIdentifier>
    </Filter>
    <Filter Include="Resource Files\imgui">
      <UniqueIdentifier>{0d307b49-52f2-4923-9998-82104a644055}</UniqueIdentifier>
    </Filter>
  </ItemGroup>
  <ItemGroup>
    <ClCompile Include="main.cpp">
      <Filter>Source Files</Filter>
    </ClCompile>
    <ClCompile Include="MainEngine.cpp">
      <Filter>Source Files</Filter>
    </ClCompile>
    <ClCompile Include="Constants.cpp">
      <Filter>Source Files</Filter>
    </ClCompile>
    <ClCompile Include="glm_imgui.cpp">
      <Filter>Header Files\Utility\src</Filter>
    </ClCompile>
    <ClCompile Include="glm_MATLAB.cpp">
      <Filter>Header Files\Utility\src</Filter>
    </ClCompile>
    <ClCompile Include="MpmEngine.cpp">
      <Filter>Source Files\MPM</Filter>
    </ClCompile>
    <ClCompile Include="MpmAlgorithm.cpp">
      <Filter>Source Files\MPM</Filter>
    </ClCompile>
    <ClCompile Include="MpmImGui.cpp">
      <Filter>Source Files\MPM</Filter>
    </ClCompile>
    <ClCompile Include="OpenGLScreen.cpp">
      <Filter>Header Files\Utility\src</Filter>
    </ClCompile>
    <ClCompile Include="external\src\glad\glad.c">
      <Filter>Resource Files\glad</Filter>
    </ClCompile>
    <ClCompile Include="external\imgui\imgui_demo.cpp">
      <Filter>Resource Files\imgui</Filter>
    </ClCompile>
    <ClCompile Include="external\imgui\imgui_draw.cpp">
      <Filter>Resource Files\imgui</Filter>
    </ClCompile>
    <ClCompile Include="external\imgui\imgui_impl_glfw.cpp">
      <Filter>Resource Files\imgui</Filter>
    </ClCompile>
    <ClCompile Include="external\imgui\imgui_impl_opengl3.cpp">
      <Filter>Resource Files\imgui</Filter>
    </ClCompile>
    <ClCompile Include="external\imgui\imgui_widgets.cpp">
      <Filter>Resource Files\imgui</Filter>
    </ClCompile>
    <ClCompile Include="external\imgui\imgui.cpp">
      <Filter>Resource Files\imgui</Filter>
    </ClCompile>
    <ClCompile Include="MpmCR.cpp">
      <Filter>Source Files\MPM</Filter>
    </ClCompile>
    <ClCompile Include="MpmSemiImplicitDirectSolver.cpp">
      <Filter>Source Files\MPM</Filter>
    </ClCompile>
  </ItemGroup>
  <ItemGroup>
    <ClInclude Include="MainEngine.h">
      <Filter>Header Files</Filter>
    </ClInclude>
    <ClInclude Include="Constants.h">
      <Filter>Header Files</Filter>
    </ClInclude>
    <ClInclude Include="Camera.h">
      <Filter>Header Files</Filter>
    </ClInclude>
    <ClInclude Include="PointCloud.h">
      <Filter>Header Files\Math</Filter>
    </ClInclude>
    <ClInclude Include="Shader.h">
      <Filter>Header Files\Math</Filter>
    </ClInclude>
    <ClInclude Include="Shape.h">
      <Filter>Header Files\Math</Filter>
    </ClInclude>
    <ClInclude Include="Engine.h">
      <Filter>Header Files\apps</Filter>
    </ClInclude>
    <ClInclude Include="glm_MATLAB.h">
      <Filter>Header Files\Utility\include</Filter>
    </ClInclude>
    <ClInclude Include="glm_imgui.h">
      <Filter>Header Files\Utility\include</Filter>
    </ClInclude>
    <ClInclude Include="MpmEngine.h">
      <Filter>Header Files\apps\MPM</Filter>
    </ClInclude>
    <ClInclude Include="Grid.h">
      <Filter>Header Files\Math</Filter>
    </ClInclude>
    <ClInclude Include="OpenGLScreen.h">
      <Filter>Header Files\Utility\include</Filter>
    </ClInclude>
    <ClInclude Include="external\include\glad\glad.h">
      <Filter>Resource Files\glad</Filter>
    </ClInclude>
    <ClInclude Include="external\imgui\imgui.h">
      <Filter>Resource Files\imgui</Filter>
    </ClInclude>
    <ClInclude Include="external\imgui\imgui_impl_glfw.h">
      <Filter>Resource Files\imgui</Filter>
    </ClInclude>
    <ClInclude Include="external\imgui\imgui_impl_opengl3.h">
      <Filter>Resource Files\imgui</Filter>
    </ClInclude>
    <ClInclude Include="external\imgui\imgui_internal.h">
      <Filter>Resource Files\imgui</Filter>
    </ClInclude>
    <ClInclude Include="external\imgui\imstb_rectpack.h">
      <Filter>Resource Files\imgui</Filter>
    </ClInclude>
    <ClInclude Include="external\imgui\imstb_textedit.h">
      <Filter>Resource Files\imgui</Filter>
    </ClInclude>
    <ClInclude Include="external\imgui\imstb_truetype.h">
      <Filter>Resource Files\imgui</Filter>
    </ClInclude>
    <ClInclude Include="external\imgui\imconfig.h">
      <Filter>Resource Files\imgui</Filter>
    </ClInclude>
  </ItemGroup>
  <ItemGroup>
    <None Include="shaders\compute\p2gCalculateVolumes.comp">
      <Filter>Resource Files\Shaders\compute</Filter>
    </None>
    <None Include="shaders\compute\p2gGatherParticlesAndUpdateNode.comp">
      <Filter>Resource Files\Shaders\compute</Filter>
    </None>
    <None Include="shaders\compute\p2gScatterParticleAndUpdateNodes.comp">
      <Filter>Resource Files\Shaders\compute</Filter>
    </None>
    <None Include="shaders\compute\g2pCalculateVolumes.comp">
      <Filter>Resource Files\Shaders\compute</Filter>
    </None>
    <None Include="shaders\compute\g2pGatherNodesAndUpdateParticle.comp">
      <Filter>Resource Files\Shaders\compute</Filter>
    </None>
    <None Include="shaders\compute\gOptimizationIntegrator.comp">
      <Filter>Resource Files\Shaders\compute</Filter>
    </None>
    <None Include="shaders\compute\gResetNodes.comp">
      <Filter>Resource Files\Shaders\compute</Filter>
    </None>
    <None Include="shaders\compute\gUpdateNodes.comp">
      <Filter>Resource Files\Shaders\compute</Filter>
    </None>
    <None Include="shaders\graphics\pointCloud.fs">
      <Filter>Resource Files\Shaders\graphics</Filter>
    </None>
    <None Include="shaders\graphics\pointCloud.vs">
      <Filter>Resource Files\Shaders\graphics</Filter>
    </None>
    <None Include="shaders\graphics\mouseShader.fs">
      <Filter>Resource Files\Shaders\graphics</Filter>
    </None>
    <None Include="shaders\graphics\mouseShader.vs">
      <Filter>Resource Files\Shaders\graphics</Filter>
    </None>
    <None Include="shaders\compute\mpm_header.comp">
      <Filter>Resource Files\Shaders\headers</Filter>
    </None>
    <None Include="shaders\compute\implicit\g2p2gDeltaForce.comp">
      <Filter>Resource Files\Shaders\compute\implicit</Filter>
    </None>
    <None Include="shaders\compute\implicit\gCR_InitPart2.comp">
      <Filter>Resource Files\Shaders\compute\implicit</Filter>
    </None>
    <None Include="shaders\compute\implicit\gCR_InitPart3.comp">
      <Filter>Resource Files\Shaders\compute\implicit</Filter>
    </None>
    <None Include="shaders\compute\implicit\gCR_StepPart1.comp">
      <Filter>Resource Files\Shaders\compute\implicit</Filter>
    </None>
    <None Include="shaders\compute\implicit\gCR_StepPart2.comp">
      <Filter>Resource Files\Shaders\compute\implicit</Filter>
    </None>
    <None Include="shaders\compute\implicit\gCR_InitPart1.comp">
      <Filter>Resource Files\Shaders\compute\implicit</Filter>
    </None>
    <None Include="shaders\compute\implicit\gCR_Conclusion.comp">
      <Filter>Resource Files\Shaders\compute\implicit</Filter>
    </None>
    <None Include="shaders\graphics\zoomWindow.vs">
      <Filter>Resource Files\Shaders\graphics</Filter>
    </None>
    <None Include="shaders\graphics\zoomWindow.fs">
      <Filter>Resource Files\Shaders\graphics</Filter>
    </None>
    <None Include="shaders\graphics\gridShader.vs">
      <Filter>Resource Files\Shaders\graphics</Filter>
    </None>
    <None Include="shaders\graphics\gridShader.fs">
      <Filter>Resource Files\Shaders\graphics</Filter>
    </None>
  </ItemGroup>
</Project>